// !$*UTF8*$!
{
	archiveVersion = 1;
	classes = {
	};
	objectVersion = 45;
	objects = {

/* Begin PBXBuildFile section */
		1D3623260D0F684500981E51 /* ADModelAppDelegate.m in Sources */ = {isa = PBXBuildFile; fileRef = 1D3623250D0F684500981E51 /* ADModelAppDelegate.m */; };
		1D60589B0D05DD56006BFB54 /* main.m in Sources */ = {isa = PBXBuildFile; fileRef = 29B97316FDCFA39411CA2CEA /* main.m */; };
		1D60589F0D05DD5A006BFB54 /* Foundation.framework in Frameworks */ = {isa = PBXBuildFile; fileRef = 1D30AB110D05D00D00671497 /* Foundation.framework */; };
		1DF5F4E00D08C38300B7A737 /* UIKit.framework in Frameworks */ = {isa = PBXBuildFile; fileRef = 1DF5F4DF0D08C38300B7A737 /* UIKit.framework */; };
		2892E4100DC94CBA00A64D0F /* CoreGraphics.framework in Frameworks */ = {isa = PBXBuildFile; fileRef = 2892E40F0DC94CBA00A64D0F /* CoreGraphics.framework */; };
		28AD73600D9D9599002E5188 /* MainWindow~iPhone.xib in Resources */ = {isa = PBXBuildFile; fileRef = 28AD735F0D9D9599002E5188 /* MainWindow~iPhone.xib */; };
		28C286E10D94DF7D0034E888 /* RootViewController.m in Sources */ = {isa = PBXBuildFile; fileRef = 28C286E00D94DF7D0034E888 /* RootViewController.m */; };
		28F335F11007B36200424DE2 /* RootView~iPhone.xib in Resources */ = {isa = PBXBuildFile; fileRef = 28F335F01007B36200424DE2 /* RootView~iPhone.xib */; };
		5357B093123B0AD400B80617 /* HandleXMLFeed.m in Sources */ = {isa = PBXBuildFile; fileRef = 5357B05A123B0AD400B80617 /* HandleXMLFeed.m */; };
		5357B094123B0AD400B80617 /* CDataScanner.m in Sources */ = {isa = PBXBuildFile; fileRef = 5357B05D123B0AD400B80617 /* CDataScanner.m */; };
		5357B095123B0AD400B80617 /* CDataScanner_Extensions.m in Sources */ = {isa = PBXBuildFile; fileRef = 5357B060123B0AD400B80617 /* CDataScanner_Extensions.m */; };
		5357B096123B0AD400B80617 /* NSCharacterSet_Extensions.m in Sources */ = {isa = PBXBuildFile; fileRef = 5357B062123B0AD400B80617 /* NSCharacterSet_Extensions.m */; };
		5357B097123B0AD400B80617 /* NSDictionary_JSONExtensions.m in Sources */ = {isa = PBXBuildFile; fileRef = 5357B064123B0AD400B80617 /* NSDictionary_JSONExtensions.m */; };
		5357B098123B0AD400B80617 /* CJSONDataSerializer.m in Sources */ = {isa = PBXBuildFile; fileRef = 5357B067123B0AD400B80617 /* CJSONDataSerializer.m */; };
		5357B099123B0AD400B80617 /* CJSONDeserializer.m in Sources */ = {isa = PBXBuildFile; fileRef = 5357B069123B0AD400B80617 /* CJSONDeserializer.m */; };
		5357B09A123B0AD400B80617 /* CJSONScanner.m in Sources */ = {isa = PBXBuildFile; fileRef = 5357B06B123B0AD400B80617 /* CJSONScanner.m */; };
		5357B09B123B0AD400B80617 /* CJSONSerializer.m in Sources */ = {isa = PBXBuildFile; fileRef = 5357B06D123B0AD400B80617 /* CJSONSerializer.m */; };
		5357B09C123B0AD400B80617 /* CSerializedJSONData.m in Sources */ = {isa = PBXBuildFile; fileRef = 5357B06F123B0AD400B80617 /* CSerializedJSONData.m */; };
		5357B09D123B0AD400B80617 /* CXMLDocument_CreationExtensions.m in Sources */ = {isa = PBXBuildFile; fileRef = 5357B073123B0AD400B80617 /* CXMLDocument_CreationExtensions.m */; };
		5357B09E123B0AD400B80617 /* CXMLNode_CreationExtensions.m in Sources */ = {isa = PBXBuildFile; fileRef = 5357B075123B0AD400B80617 /* CXMLNode_CreationExtensions.m */; };
		5357B09F123B0AD400B80617 /* CXMLDocument.m in Sources */ = {isa = PBXBuildFile; fileRef = 5357B077123B0AD400B80617 /* CXMLDocument.m */; };
		5357B0A0123B0AD400B80617 /* CXMLDocument_PrivateExtensions.m in Sources */ = {isa = PBXBuildFile; fileRef = 5357B079123B0AD400B80617 /* CXMLDocument_PrivateExtensions.m */; };
		5357B0A1123B0AD400B80617 /* CXMLElement.m in Sources */ = {isa = PBXBuildFile; fileRef = 5357B07B123B0AD400B80617 /* CXMLElement.m */; };
		5357B0A2123B0AD400B80617 /* CXMLElement_CreationExtensions.m in Sources */ = {isa = PBXBuildFile; fileRef = 5357B07D123B0AD400B80617 /* CXMLElement_CreationExtensions.m */; };
		5357B0A3123B0AD400B80617 /* CXMLElement_ElementTreeExtensions.m in Sources */ = {isa = PBXBuildFile; fileRef = 5357B07F123B0AD400B80617 /* CXMLElement_ElementTreeExtensions.m */; };
		5357B0A4123B0AD400B80617 /* CXMLNode.m in Sources */ = {isa = PBXBuildFile; fileRef = 5357B081123B0AD400B80617 /* CXMLNode.m */; };
		5357B0A5123B0AD400B80617 /* CXMLNode_PrivateExtensions.m in Sources */ = {isa = PBXBuildFile; fileRef = 5357B083123B0AD400B80617 /* CXMLNode_PrivateExtensions.m */; };
		5357B0A6123B0AD400B80617 /* CXMLNode_XPathExtensions.m in Sources */ = {isa = PBXBuildFile; fileRef = 5357B085123B0AD400B80617 /* CXMLNode_XPathExtensions.m */; };
		5357B0A7123B0AD400B80617 /* CTidy.m in Sources */ = {isa = PBXBuildFile; fileRef = 5357B088123B0AD400B80617 /* CTidy.m */; };
		5357B0A8123B0AD400B80617 /* NetworkOperation.m in Sources */ = {isa = PBXBuildFile; fileRef = 5357B08C123B0AD400B80617 /* NetworkOperation.m */; };
		5357B0A9123B0AD400B80617 /* NetworkOperationQueue.m in Sources */ = {isa = PBXBuildFile; fileRef = 5357B08F123B0AD400B80617 /* NetworkOperationQueue.m */; };
		5357B0AA123B0AD400B80617 /* NetworkRequest.m in Sources */ = {isa = PBXBuildFile; fileRef = 5357B091123B0AD400B80617 /* NetworkRequest.m */; };
		5357B18F123B24B800B80617 /* File.txt in Resources */ = {isa = PBXBuildFile; fileRef = 5357B18E123B24B800B80617 /* File.txt */; };
		5357B227123B30C200B80617 /* Image.jpg in Resources */ = {isa = PBXBuildFile; fileRef = 5357B226123B30C200B80617 /* Image.jpg */; };
		53F906D812497C04007B028C /* UtilityFunctions.m in Sources */ = {isa = PBXBuildFile; fileRef = 53F906D712497C04007B028C /* UtilityFunctions.m */; };
		C512DCF01257A417003D94BB /* AppIcon.png in Resources */ = {isa = PBXBuildFile; fileRef = C512DCE81257A417003D94BB /* AppIcon.png */; };
		C512DCF11257A417003D94BB /* AppIcon@2x.png in Resources */ = {isa = PBXBuildFile; fileRef = C512DCE91257A417003D94BB /* AppIcon@2x.png */; };
		C512DCF21257A417003D94BB /* AppIcon_iPad.png in Resources */ = {isa = PBXBuildFile; fileRef = C512DCEA1257A417003D94BB /* AppIcon_iPad.png */; };
		C512DCF31257A417003D94BB /* iTunesArtwork in Resources */ = {isa = PBXBuildFile; fileRef = C512DCEB1257A417003D94BB /* iTunesArtwork */; };
		C512DCF41257A417003D94BB /* Launch.png in Resources */ = {isa = PBXBuildFile; fileRef = C512DCEC1257A417003D94BB /* Launch.png */; };
		C512DCF51257A417003D94BB /* Launch@2x.png in Resources */ = {isa = PBXBuildFile; fileRef = C512DCED1257A417003D94BB /* Launch@2x.png */; };
		C512DCF61257A417003D94BB /* Launch_iPad-Landscape.png in Resources */ = {isa = PBXBuildFile; fileRef = C512DCEE1257A417003D94BB /* Launch_iPad-Landscape.png */; };
		C512DCF71257A417003D94BB /* Launch_iPad-Portrait.png in Resources */ = {isa = PBXBuildFile; fileRef = C512DCEF1257A417003D94BB /* Launch_iPad-Portrait.png */; };
		C512DCFA1257A53C003D94BB /* MainWindow~iPad.xib in Resources */ = {isa = PBXBuildFile; fileRef = C512DCF91257A53C003D94BB /* MainWindow~iPad.xib */; };
		C512DCFC1257A54E003D94BB /* RootView~iPad.xib in Resources */ = {isa = PBXBuildFile; fileRef = C512DCFB1257A54E003D94BB /* RootView~iPad.xib */; };
		C512DD381257B17B003D94BB /* PodcastTableViewController.m in Sources */ = {isa = PBXBuildFile; fileRef = C512DD361257B17B003D94BB /* PodcastTableViewController.m */; };
		C512DD3C1257B1B7003D94BB /* DataModel.m in Sources */ = {isa = PBXBuildFile; fileRef = C512DD3B1257B1B7003D94BB /* DataModel.m */; };
		C512DD7C1257BCEA003D94BB /* ModelViewController.m in Sources */ = {isa = PBXBuildFile; fileRef = C512DD7B1257BCEA003D94BB /* ModelViewController.m */; };
		C512DD7F1257BDE8003D94BB /* ModelTableViewController.m in Sources */ = {isa = PBXBuildFile; fileRef = C512DD7E1257BDE8003D94BB /* ModelTableViewController.m */; };
		C512DDDB1257C9CD003D94BB /* TwitterSearchTableViewController.m in Sources */ = {isa = PBXBuildFile; fileRef = C512DDDA1257C9CD003D94BB /* TwitterSearchTableViewController.m */; };
		C512DE5D1257DCCC003D94BB /* TwitterUserTableViewController.m in Sources */ = {isa = PBXBuildFile; fileRef = C512DE5C1257DCCC003D94BB /* TwitterUserTableViewController.m */; };
		C512DE871257E5D7003D94BB /* PostFormViewController.m in Sources */ = {isa = PBXBuildFile; fileRef = C512DE851257E5D7003D94BB /* PostFormViewController.m */; };
		C512DE881257E5D7003D94BB /* PostFormViewController~iPhone.xib in Resources */ = {isa = PBXBuildFile; fileRef = C512DE861257E5D7003D94BB /* PostFormViewController~iPhone.xib */; };
		C512DEFD12580B93003D94BB /* Reachability.m in Sources */ = {isa = PBXBuildFile; fileRef = C512DEFC12580B93003D94BB /* Reachability.m */; };
		C512DF1F12580E92003D94BB /* SystemConfiguration.framework in Frameworks */ = {isa = PBXBuildFile; fileRef = C512DF1E12580E92003D94BB /* SystemConfiguration.framework */; };
		C512DF2312580E9A003D94BB /* CFNetwork.framework in Frameworks */ = {isa = PBXBuildFile; fileRef = C512DF2212580E9A003D94BB /* CFNetwork.framework */; };
		C512DFA212594AAB003D94BB /* PutCreateViewController.m in Sources */ = {isa = PBXBuildFile; fileRef = C512DFA012594AAB003D94BB /* PutCreateViewController.m */; };
		C512DFAE12594C71003D94BB /* PostFormViewController~iPad.xib in Resources */ = {isa = PBXBuildFile; fileRef = C512DFAD12594C71003D94BB /* PostFormViewController~iPad.xib */; };
		C512DFE0125950B2003D94BB /* PutCreateViewController~iPad.xib in Resources */ = {isa = PBXBuildFile; fileRef = C512DFDE125950B2003D94BB /* PutCreateViewController~iPad.xib */; };
		C512DFE1125950B2003D94BB /* PutCreateViewController~iPhone.xib in Resources */ = {isa = PBXBuildFile; fileRef = C512DFDF125950B2003D94BB /* PutCreateViewController~iPhone.xib */; };
		C512E01F125954A3003D94BB /* PutNoContentViewController.m in Sources */ = {isa = PBXBuildFile; fileRef = C512E01D125954A3003D94BB /* PutNoContentViewController.m */; };
		C512E02312595596003D94BB /* PutNoContentViewController~iPad.xib in Resources */ = {isa = PBXBuildFile; fileRef = C512E02112595596003D94BB /* PutNoContentViewController~iPad.xib */; };
		C512E02412595596003D94BB /* PutNoContentViewController~iPhone.xib in Resources */ = {isa = PBXBuildFile; fileRef = C512E02212595596003D94BB /* PutNoContentViewController~iPhone.xib */; };
		C512E05C12596606003D94BB /* GUIFunctions.m in Sources */ = {isa = PBXBuildFile; fileRef = C512E05B12596606003D94BB /* GUIFunctions.m */; };
		C512E12E12598E42003D94BB /* PostFileViewController.m in Sources */ = {isa = PBXBuildFile; fileRef = C512E12D12598E42003D94BB /* PostFileViewController.m */; };
		C512E1331259907B003D94BB /* PostFileViewController~iPad.xib in Resources */ = {isa = PBXBuildFile; fileRef = C512E1311259907B003D94BB /* PostFileViewController~iPad.xib */; };
		C512E1341259907B003D94BB /* PostFileViewController~iPhone.xib in Resources */ = {isa = PBXBuildFile; fileRef = C512E1321259907B003D94BB /* PostFileViewController~iPhone.xib */; };
		C512E1481259946B003D94BB /* PostMultiFileViewController.m in Sources */ = {isa = PBXBuildFile; fileRef = C512E1471259946B003D94BB /* PostMultiFileViewController.m */; };
		C512E14B12599490003D94BB /* PostMultiFileViewController~iPad.xib in Resources */ = {isa = PBXBuildFile; fileRef = C512E14912599490003D94BB /* PostMultiFileViewController~iPad.xib */; };
		C512E14C12599490003D94BB /* PostMultiFileViewController~iPhone.xib in Resources */ = {isa = PBXBuildFile; fileRef = C512E14A12599490003D94BB /* PostMultiFileViewController~iPhone.xib */; };
/* End PBXBuildFile section */

/* Begin PBXFileReference section */
		1D30AB110D05D00D00671497 /* Foundation.framework */ = {isa = PBXFileReference; lastKnownFileType = wrapper.framework; name = Foundation.framework; path = System/Library/Frameworks/Foundation.framework; sourceTree = SDKROOT; };
		1D3623240D0F684500981E51 /* ADModelAppDelegate.h */ = {isa = PBXFileReference; fileEncoding = 4; lastKnownFileType = sourcecode.c.h; path = ADModelAppDelegate.h; sourceTree = "<group>"; };
		1D3623250D0F684500981E51 /* ADModelAppDelegate.m */ = {isa = PBXFileReference; fileEncoding = 4; lastKnownFileType = sourcecode.c.objc; path = ADModelAppDelegate.m; sourceTree = "<group>"; };
		1D6058910D05DD3D006BFB54 /* ADModel.app */ = {isa = PBXFileReference; explicitFileType = wrapper.application; includeInIndex = 0; path = ADModel.app; sourceTree = BUILT_PRODUCTS_DIR; };
		1DF5F4DF0D08C38300B7A737 /* UIKit.framework */ = {isa = PBXFileReference; lastKnownFileType = wrapper.framework; name = UIKit.framework; path = System/Library/Frameworks/UIKit.framework; sourceTree = SDKROOT; };
		2892E40F0DC94CBA00A64D0F /* CoreGraphics.framework */ = {isa = PBXFileReference; lastKnownFileType = wrapper.framework; name = CoreGraphics.framework; path = System/Library/Frameworks/CoreGraphics.framework; sourceTree = SDKROOT; };
		28A0AAE50D9B0CCF005BE974 /* ADModel_Prefix.pch */ = {isa = PBXFileReference; fileEncoding = 4; lastKnownFileType = sourcecode.c.h; path = ADModel_Prefix.pch; sourceTree = "<group>"; };
		28AD735F0D9D9599002E5188 /* MainWindow~iPhone.xib */ = {isa = PBXFileReference; lastKnownFileType = file.xib; name = "MainWindow~iPhone.xib"; path = "../MainWindow~iPhone.xib"; sourceTree = "<group>"; };
		28C286DF0D94DF7D0034E888 /* RootViewController.h */ = {isa = PBXFileReference; fileEncoding = 4; lastKnownFileType = sourcecode.c.h; path = RootViewController.h; sourceTree = "<group>"; };
		28C286E00D94DF7D0034E888 /* RootViewController.m */ = {isa = PBXFileReference; fileEncoding = 4; lastKnownFileType = sourcecode.c.objc; path = RootViewController.m; sourceTree = "<group>"; };
		28F335F01007B36200424DE2 /* RootView~iPhone.xib */ = {isa = PBXFileReference; lastKnownFileType = file.xib; name = "RootView~iPhone.xib"; path = "../RootView~iPhone.xib"; sourceTree = "<group>"; };
		29B97316FDCFA39411CA2CEA /* main.m */ = {isa = PBXFileReference; fileEncoding = 4; lastKnownFileType = sourcecode.c.objc; path = main.m; sourceTree = "<group>"; };
		5357B059123B0AD400B80617 /* HandleXMLFeed.h */ = {isa = PBXFileReference; fileEncoding = 4; lastKnownFileType = sourcecode.c.h; path = HandleXMLFeed.h; sourceTree = "<group>"; };
		5357B05A123B0AD400B80617 /* HandleXMLFeed.m */ = {isa = PBXFileReference; fileEncoding = 4; lastKnownFileType = sourcecode.c.objc; path = HandleXMLFeed.m; sourceTree = "<group>"; };
		5357B05C123B0AD400B80617 /* CDataScanner.h */ = {isa = PBXFileReference; fileEncoding = 4; lastKnownFileType = sourcecode.c.h; path = CDataScanner.h; sourceTree = "<group>"; };
		5357B05D123B0AD400B80617 /* CDataScanner.m */ = {isa = PBXFileReference; fileEncoding = 4; lastKnownFileType = sourcecode.c.objc; path = CDataScanner.m; sourceTree = "<group>"; };
		5357B05F123B0AD400B80617 /* CDataScanner_Extensions.h */ = {isa = PBXFileReference; fileEncoding = 4; lastKnownFileType = sourcecode.c.h; path = CDataScanner_Extensions.h; sourceTree = "<group>"; };
		5357B060123B0AD400B80617 /* CDataScanner_Extensions.m */ = {isa = PBXFileReference; fileEncoding = 4; lastKnownFileType = sourcecode.c.objc; path = CDataScanner_Extensions.m; sourceTree = "<group>"; };
		5357B061123B0AD400B80617 /* NSCharacterSet_Extensions.h */ = {isa = PBXFileReference; fileEncoding = 4; lastKnownFileType = sourcecode.c.h; path = NSCharacterSet_Extensions.h; sourceTree = "<group>"; };
		5357B062123B0AD400B80617 /* NSCharacterSet_Extensions.m */ = {isa = PBXFileReference; fileEncoding = 4; lastKnownFileType = sourcecode.c.objc; path = NSCharacterSet_Extensions.m; sourceTree = "<group>"; };
		5357B063123B0AD400B80617 /* NSDictionary_JSONExtensions.h */ = {isa = PBXFileReference; fileEncoding = 4; lastKnownFileType = sourcecode.c.h; path = NSDictionary_JSONExtensions.h; sourceTree = "<group>"; };
		5357B064123B0AD400B80617 /* NSDictionary_JSONExtensions.m */ = {isa = PBXFileReference; fileEncoding = 4; lastKnownFileType = sourcecode.c.objc; path = NSDictionary_JSONExtensions.m; sourceTree = "<group>"; };
		5357B066123B0AD400B80617 /* CJSONDataSerializer.h */ = {isa = PBXFileReference; fileEncoding = 4; lastKnownFileType = sourcecode.c.h; path = CJSONDataSerializer.h; sourceTree = "<group>"; };
		5357B067123B0AD400B80617 /* CJSONDataSerializer.m */ = {isa = PBXFileReference; fileEncoding = 4; lastKnownFileType = sourcecode.c.objc; path = CJSONDataSerializer.m; sourceTree = "<group>"; };
		5357B068123B0AD400B80617 /* CJSONDeserializer.h */ = {isa = PBXFileReference; fileEncoding = 4; lastKnownFileType = sourcecode.c.h; path = CJSONDeserializer.h; sourceTree = "<group>"; };
		5357B069123B0AD400B80617 /* CJSONDeserializer.m */ = {isa = PBXFileReference; fileEncoding = 4; lastKnownFileType = sourcecode.c.objc; path = CJSONDeserializer.m; sourceTree = "<group>"; };
		5357B06A123B0AD400B80617 /* CJSONScanner.h */ = {isa = PBXFileReference; fileEncoding = 4; lastKnownFileType = sourcecode.c.h; path = CJSONScanner.h; sourceTree = "<group>"; };
		5357B06B123B0AD400B80617 /* CJSONScanner.m */ = {isa = PBXFileReference; fileEncoding = 4; lastKnownFileType = sourcecode.c.objc; path = CJSONScanner.m; sourceTree = "<group>"; };
		5357B06C123B0AD400B80617 /* CJSONSerializer.h */ = {isa = PBXFileReference; fileEncoding = 4; lastKnownFileType = sourcecode.c.h; path = CJSONSerializer.h; sourceTree = "<group>"; };
		5357B06D123B0AD400B80617 /* CJSONSerializer.m */ = {isa = PBXFileReference; fileEncoding = 4; lastKnownFileType = sourcecode.c.objc; path = CJSONSerializer.m; sourceTree = "<group>"; };
		5357B06E123B0AD400B80617 /* CSerializedJSONData.h */ = {isa = PBXFileReference; fileEncoding = 4; lastKnownFileType = sourcecode.c.h; path = CSerializedJSONData.h; sourceTree = "<group>"; };
		5357B06F123B0AD400B80617 /* CSerializedJSONData.m */ = {isa = PBXFileReference; fileEncoding = 4; lastKnownFileType = sourcecode.c.objc; path = CSerializedJSONData.m; sourceTree = "<group>"; };
		5357B072123B0AD400B80617 /* CXMLDocument_CreationExtensions.h */ = {isa = PBXFileReference; fileEncoding = 4; lastKnownFileType = sourcecode.c.h; path = CXMLDocument_CreationExtensions.h; sourceTree = "<group>"; };
		5357B073123B0AD400B80617 /* CXMLDocument_CreationExtensions.m */ = {isa = PBXFileReference; fileEncoding = 4; lastKnownFileType = sourcecode.c.objc; path = CXMLDocument_CreationExtensions.m; sourceTree = "<group>"; };
		5357B074123B0AD400B80617 /* CXMLNode_CreationExtensions.h */ = {isa = PBXFileReference; fileEncoding = 4; lastKnownFileType = sourcecode.c.h; path = CXMLNode_CreationExtensions.h; sourceTree = "<group>"; };
		5357B075123B0AD400B80617 /* CXMLNode_CreationExtensions.m */ = {isa = PBXFileReference; fileEncoding = 4; lastKnownFileType = sourcecode.c.objc; path = CXMLNode_CreationExtensions.m; sourceTree = "<group>"; };
		5357B076123B0AD400B80617 /* CXMLDocument.h */ = {isa = PBXFileReference; fileEncoding = 4; lastKnownFileType = sourcecode.c.h; path = CXMLDocument.h; sourceTree = "<group>"; };
		5357B077123B0AD400B80617 /* CXMLDocument.m */ = {isa = PBXFileReference; fileEncoding = 4; lastKnownFileType = sourcecode.c.objc; path = CXMLDocument.m; sourceTree = "<group>"; };
		5357B078123B0AD400B80617 /* CXMLDocument_PrivateExtensions.h */ = {isa = PBXFileReference; fileEncoding = 4; lastKnownFileType = sourcecode.c.h; path = CXMLDocument_PrivateExtensions.h; sourceTree = "<group>"; };
		5357B079123B0AD400B80617 /* CXMLDocument_PrivateExtensions.m */ = {isa = PBXFileReference; fileEncoding = 4; lastKnownFileType = sourcecode.c.objc; path = CXMLDocument_PrivateExtensions.m; sourceTree = "<group>"; };
		5357B07A123B0AD400B80617 /* CXMLElement.h */ = {isa = PBXFileReference; fileEncoding = 4; lastKnownFileType = sourcecode.c.h; path = CXMLElement.h; sourceTree = "<group>"; };
		5357B07B123B0AD400B80617 /* CXMLElement.m */ = {isa = PBXFileReference; fileEncoding = 4; lastKnownFileType = sourcecode.c.objc; path = CXMLElement.m; sourceTree = "<group>"; };
		5357B07C123B0AD400B80617 /* CXMLElement_CreationExtensions.h */ = {isa = PBXFileReference; fileEncoding = 4; lastKnownFileType = sourcecode.c.h; path = CXMLElement_CreationExtensions.h; sourceTree = "<group>"; };
		5357B07D123B0AD400B80617 /* CXMLElement_CreationExtensions.m */ = {isa = PBXFileReference; fileEncoding = 4; lastKnownFileType = sourcecode.c.objc; path = CXMLElement_CreationExtensions.m; sourceTree = "<group>"; };
		5357B07E123B0AD400B80617 /* CXMLElement_ElementTreeExtensions.h */ = {isa = PBXFileReference; fileEncoding = 4; lastKnownFileType = sourcecode.c.h; path = CXMLElement_ElementTreeExtensions.h; sourceTree = "<group>"; };
		5357B07F123B0AD400B80617 /* CXMLElement_ElementTreeExtensions.m */ = {isa = PBXFileReference; fileEncoding = 4; lastKnownFileType = sourcecode.c.objc; path = CXMLElement_ElementTreeExtensions.m; sourceTree = "<group>"; };
		5357B080123B0AD400B80617 /* CXMLNode.h */ = {isa = PBXFileReference; fileEncoding = 4; lastKnownFileType = sourcecode.c.h; path = CXMLNode.h; sourceTree = "<group>"; };
		5357B081123B0AD400B80617 /* CXMLNode.m */ = {isa = PBXFileReference; fileEncoding = 4; lastKnownFileType = sourcecode.c.objc; path = CXMLNode.m; sourceTree = "<group>"; };
		5357B082123B0AD400B80617 /* CXMLNode_PrivateExtensions.h */ = {isa = PBXFileReference; fileEncoding = 4; lastKnownFileType = sourcecode.c.h; path = CXMLNode_PrivateExtensions.h; sourceTree = "<group>"; };
		5357B083123B0AD400B80617 /* CXMLNode_PrivateExtensions.m */ = {isa = PBXFileReference; fileEncoding = 4; lastKnownFileType = sourcecode.c.objc; path = CXMLNode_PrivateExtensions.m; sourceTree = "<group>"; };
		5357B084123B0AD400B80617 /* CXMLNode_XPathExtensions.h */ = {isa = PBXFileReference; fileEncoding = 4; lastKnownFileType = sourcecode.c.h; path = CXMLNode_XPathExtensions.h; sourceTree = "<group>"; };
		5357B085123B0AD400B80617 /* CXMLNode_XPathExtensions.m */ = {isa = PBXFileReference; fileEncoding = 4; lastKnownFileType = sourcecode.c.objc; path = CXMLNode_XPathExtensions.m; sourceTree = "<group>"; };
		5357B087123B0AD400B80617 /* CTidy.h */ = {isa = PBXFileReference; fileEncoding = 4; lastKnownFileType = sourcecode.c.h; path = CTidy.h; sourceTree = "<group>"; };
		5357B088123B0AD400B80617 /* CTidy.m */ = {isa = PBXFileReference; fileEncoding = 4; lastKnownFileType = sourcecode.c.objc; path = CTidy.m; sourceTree = "<group>"; };
		5357B089123B0AD400B80617 /* TouchXML.h */ = {isa = PBXFileReference; fileEncoding = 4; lastKnownFileType = sourcecode.c.h; path = TouchXML.h; sourceTree = "<group>"; };
		5357B08B123B0AD400B80617 /* NetworkOperation.h */ = {isa = PBXFileReference; fileEncoding = 4; lastKnownFileType = sourcecode.c.h; path = NetworkOperation.h; sourceTree = "<group>"; };
		5357B08C123B0AD400B80617 /* NetworkOperation.m */ = {isa = PBXFileReference; fileEncoding = 4; lastKnownFileType = sourcecode.c.objc; path = NetworkOperation.m; sourceTree = "<group>"; };
		5357B08D123B0AD400B80617 /* NetworkOperationDelegate.h */ = {isa = PBXFileReference; fileEncoding = 4; lastKnownFileType = sourcecode.c.h; path = NetworkOperationDelegate.h; sourceTree = "<group>"; };
		5357B08E123B0AD400B80617 /* NetworkOperationQueue.h */ = {isa = PBXFileReference; fileEncoding = 4; lastKnownFileType = sourcecode.c.h; path = NetworkOperationQueue.h; sourceTree = "<group>"; };
		5357B08F123B0AD400B80617 /* NetworkOperationQueue.m */ = {isa = PBXFileReference; fileEncoding = 4; lastKnownFileType = sourcecode.c.objc; path = NetworkOperationQueue.m; sourceTree = "<group>"; };
		5357B090123B0AD400B80617 /* NetworkRequest.h */ = {isa = PBXFileReference; fileEncoding = 4; lastKnownFileType = sourcecode.c.h; path = NetworkRequest.h; sourceTree = "<group>"; };
		5357B091123B0AD400B80617 /* NetworkRequest.m */ = {isa = PBXFileReference; fileEncoding = 4; lastKnownFileType = sourcecode.c.objc; path = NetworkRequest.m; sourceTree = "<group>"; };
		5357B092123B0AD400B80617 /* NetworkRequestDelegate.h */ = {isa = PBXFileReference; fileEncoding = 4; lastKnownFileType = sourcecode.c.h; path = NetworkRequestDelegate.h; sourceTree = "<group>"; };
		5357B18E123B24B800B80617 /* File.txt */ = {isa = PBXFileReference; fileEncoding = 4; lastKnownFileType = text; name = File.txt; path = Classes/File.txt; sourceTree = "<group>"; };
		5357B226123B30C200B80617 /* Image.jpg */ = {isa = PBXFileReference; lastKnownFileType = image.jpeg; name = Image.jpg; path = ../Classes/Image.jpg; sourceTree = "<group>"; };
		53F906D612497C04007B028C /* UtilityFunctions.h */ = {isa = PBXFileReference; fileEncoding = 4; lastKnownFileType = sourcecode.c.h; name = UtilityFunctions.h; path = Classes/UtilityFunctions.h; sourceTree = "<group>"; };
		53F906D712497C04007B028C /* UtilityFunctions.m */ = {isa = PBXFileReference; fileEncoding = 4; lastKnownFileType = sourcecode.c.objc; name = UtilityFunctions.m; path = Classes/UtilityFunctions.m; sourceTree = "<group>"; };
		8D1107310486CEB800E47090 /* ADModel-Info.plist */ = {isa = PBXFileReference; fileEncoding = 4; lastKnownFileType = text.plist.xml; path = "ADModel-Info.plist"; plistStructureDefinitionIdentifier = "com.apple.xcode.plist.structure-definition.iphone.info-plist"; sourceTree = "<group>"; };
		C512DCE81257A417003D94BB /* AppIcon.png */ = {isa = PBXFileReference; lastKnownFileType = image.png; path = AppIcon.png; sourceTree = "<group>"; };
		C512DCE91257A417003D94BB /* AppIcon@2x.png */ = {isa = PBXFileReference; lastKnownFileType = image.png; path = "AppIcon@2x.png"; sourceTree = "<group>"; };
		C512DCEA1257A417003D94BB /* AppIcon_iPad.png */ = {isa = PBXFileReference; lastKnownFileType = image.png; path = AppIcon_iPad.png; sourceTree = "<group>"; };
		C512DCEB1257A417003D94BB /* iTunesArtwork */ = {isa = PBXFileReference; lastKnownFileType = file; path = iTunesArtwork; sourceTree = "<group>"; };
		C512DCEC1257A417003D94BB /* Launch.png */ = {isa = PBXFileReference; lastKnownFileType = image.png; path = Launch.png; sourceTree = "<group>"; };
		C512DCED1257A417003D94BB /* Launch@2x.png */ = {isa = PBXFileReference; lastKnownFileType = image.png; path = "Launch@2x.png"; sourceTree = "<group>"; };
		C512DCEE1257A417003D94BB /* Launch_iPad-Landscape.png */ = {isa = PBXFileReference; lastKnownFileType = image.png; path = "Launch_iPad-Landscape.png"; sourceTree = "<group>"; };
		C512DCEF1257A417003D94BB /* Launch_iPad-Portrait.png */ = {isa = PBXFileReference; lastKnownFileType = image.png; path = "Launch_iPad-Portrait.png"; sourceTree = "<group>"; };
		C512DCF91257A53C003D94BB /* MainWindow~iPad.xib */ = {isa = PBXFileReference; lastKnownFileType = file.xib; path = "MainWindow~iPad.xib"; sourceTree = "<group>"; };
		C512DCFB1257A54E003D94BB /* RootView~iPad.xib */ = {isa = PBXFileReference; lastKnownFileType = file.xib; path = "RootView~iPad.xib"; sourceTree = "<group>"; };
		C512DD351257B17B003D94BB /* PodcastTableViewController.h */ = {isa = PBXFileReference; fileEncoding = 4; lastKnownFileType = sourcecode.c.h; path = PodcastTableViewController.h; sourceTree = "<group>"; };
		C512DD361257B17B003D94BB /* PodcastTableViewController.m */ = {isa = PBXFileReference; fileEncoding = 4; lastKnownFileType = sourcecode.c.objc; path = PodcastTableViewController.m; sourceTree = "<group>"; };
		C512DD3A1257B1B7003D94BB /* DataModel.h */ = {isa = PBXFileReference; fileEncoding = 4; lastKnownFileType = sourcecode.c.h; path = DataModel.h; sourceTree = "<group>"; };
		C512DD3B1257B1B7003D94BB /* DataModel.m */ = {isa = PBXFileReference; fileEncoding = 4; lastKnownFileType = sourcecode.c.objc; path = DataModel.m; sourceTree = "<group>"; };
		C512DD6E1257BA37003D94BB /* SynthesizeSingleton.h */ = {isa = PBXFileReference; fileEncoding = 4; lastKnownFileType = sourcecode.c.h; path = SynthesizeSingleton.h; sourceTree = "<group>"; };
		C512DD7A1257BCEA003D94BB /* ModelViewController.h */ = {isa = PBXFileReference; fileEncoding = 4; lastKnownFileType = sourcecode.c.h; path = ModelViewController.h; sourceTree = "<group>"; };
		C512DD7B1257BCEA003D94BB /* ModelViewController.m */ = {isa = PBXFileReference; fileEncoding = 4; lastKnownFileType = sourcecode.c.objc; path = ModelViewController.m; sourceTree = "<group>"; };
		C512DD7D1257BDE8003D94BB /* ModelTableViewController.h */ = {isa = PBXFileReference; fileEncoding = 4; lastKnownFileType = sourcecode.c.h; path = ModelTableViewController.h; sourceTree = "<group>"; };
		C512DD7E1257BDE8003D94BB /* ModelTableViewController.m */ = {isa = PBXFileReference; fileEncoding = 4; lastKnownFileType = sourcecode.c.objc; path = ModelTableViewController.m; sourceTree = "<group>"; };
		C512DDD91257C9CD003D94BB /* TwitterSearchTableViewController.h */ = {isa = PBXFileReference; fileEncoding = 4; lastKnownFileType = sourcecode.c.h; path = TwitterSearchTableViewController.h; sourceTree = "<group>"; };
		C512DDDA1257C9CD003D94BB /* TwitterSearchTableViewController.m */ = {isa = PBXFileReference; fileEncoding = 4; lastKnownFileType = sourcecode.c.objc; path = TwitterSearchTableViewController.m; sourceTree = "<group>"; };
		C512DE5B1257DCCC003D94BB /* TwitterUserTableViewController.h */ = {isa = PBXFileReference; fileEncoding = 4; lastKnownFileType = sourcecode.c.h; path = TwitterUserTableViewController.h; sourceTree = "<group>"; };
		C512DE5C1257DCCC003D94BB /* TwitterUserTableViewController.m */ = {isa = PBXFileReference; fileEncoding = 4; lastKnownFileType = sourcecode.c.objc; path = TwitterUserTableViewController.m; sourceTree = "<group>"; };
		C512DE841257E5D7003D94BB /* PostFormViewController.h */ = {isa = PBXFileReference; fileEncoding = 4; lastKnownFileType = sourcecode.c.h; path = PostFormViewController.h; sourceTree = "<group>"; };
		C512DE851257E5D7003D94BB /* PostFormViewController.m */ = {isa = PBXFileReference; fileEncoding = 4; lastKnownFileType = sourcecode.c.objc; path = PostFormViewController.m; sourceTree = "<group>"; };
		C512DE861257E5D7003D94BB /* PostFormViewController~iPhone.xib */ = {isa = PBXFileReference; lastKnownFileType = file.xib; path = "PostFormViewController~iPhone.xib"; sourceTree = "<group>"; };
		C512DEFB12580B93003D94BB /* Reachability.h */ = {isa = PBXFileReference; fileEncoding = 4; lastKnownFileType = sourcecode.c.h; path = Reachability.h; sourceTree = "<group>"; };
		C512DEFC12580B93003D94BB /* Reachability.m */ = {isa = PBXFileReference; fileEncoding = 4; lastKnownFileType = sourcecode.c.objc; path = Reachability.m; sourceTree = "<group>"; };
		C512DF1E12580E92003D94BB /* SystemConfiguration.framework */ = {isa = PBXFileReference; lastKnownFileType = wrapper.framework; name = SystemConfiguration.framework; path = System/Library/Frameworks/SystemConfiguration.framework; sourceTree = SDKROOT; };
		C512DF2212580E9A003D94BB /* CFNetwork.framework */ = {isa = PBXFileReference; lastKnownFileType = wrapper.framework; name = CFNetwork.framework; path = System/Library/Frameworks/CFNetwork.framework; sourceTree = SDKROOT; };
		C512DF9F12594AAB003D94BB /* PutCreateViewController.h */ = {isa = PBXFileReference; fileEncoding = 4; lastKnownFileType = sourcecode.c.h; path = PutCreateViewController.h; sourceTree = "<group>"; };
		C512DFA012594AAB003D94BB /* PutCreateViewController.m */ = {isa = PBXFileReference; fileEncoding = 4; lastKnownFileType = sourcecode.c.objc; path = PutCreateViewController.m; sourceTree = "<group>"; };
		C512DFAD12594C71003D94BB /* PostFormViewController~iPad.xib */ = {isa = PBXFileReference; lastKnownFileType = file.xib; path = "PostFormViewController~iPad.xib"; sourceTree = "<group>"; };
		C512DFDE125950B2003D94BB /* PutCreateViewController~iPad.xib */ = {isa = PBXFileReference; lastKnownFileType = file.xib; path = "PutCreateViewController~iPad.xib"; sourceTree = "<group>"; };
		C512DFDF125950B2003D94BB /* PutCreateViewController~iPhone.xib */ = {isa = PBXFileReference; lastKnownFileType = file.xib; path = "PutCreateViewController~iPhone.xib"; sourceTree = "<group>"; };
		C512E01C125954A3003D94BB /* PutNoContentViewController.h */ = {isa = PBXFileReference; fileEncoding = 4; lastKnownFileType = sourcecode.c.h; path = PutNoContentViewController.h; sourceTree = "<group>"; };
		C512E01D125954A3003D94BB /* PutNoContentViewController.m */ = {isa = PBXFileReference; fileEncoding = 4; lastKnownFileType = sourcecode.c.objc; path = PutNoContentViewController.m; sourceTree = "<group>"; };
		C512E02112595596003D94BB /* PutNoContentViewController~iPad.xib */ = {isa = PBXFileReference; lastKnownFileType = file.xib; path = "PutNoContentViewController~iPad.xib"; sourceTree = "<group>"; };
		C512E02212595596003D94BB /* PutNoContentViewController~iPhone.xib */ = {isa = PBXFileReference; lastKnownFileType = file.xib; path = "PutNoContentViewController~iPhone.xib"; sourceTree = "<group>"; };
		C512E05A12596606003D94BB /* GUIFunctions.h */ = {isa = PBXFileReference; fileEncoding = 4; lastKnownFileType = sourcecode.c.h; path = GUIFunctions.h; sourceTree = "<group>"; };
		C512E05B12596606003D94BB /* GUIFunctions.m */ = {isa = PBXFileReference; fileEncoding = 4; lastKnownFileType = sourcecode.c.objc; path = GUIFunctions.m; sourceTree = "<group>"; };
		C512E12C12598E42003D94BB /* PostFileViewController.h */ = {isa = PBXFileReference; fileEncoding = 4; lastKnownFileType = sourcecode.c.h; path = PostFileViewController.h; sourceTree = "<group>"; };
		C512E12D12598E42003D94BB /* PostFileViewController.m */ = {isa = PBXFileReference; fileEncoding = 4; lastKnownFileType = sourcecode.c.objc; path = PostFileViewController.m; sourceTree = "<group>"; };
		C512E1311259907B003D94BB /* PostFileViewController~iPad.xib */ = {isa = PBXFileReference; lastKnownFileType = file.xib; path = "PostFileViewController~iPad.xib"; sourceTree = "<group>"; };
		C512E1321259907B003D94BB /* PostFileViewController~iPhone.xib */ = {isa = PBXFileReference; lastKnownFileType = file.xib; path = "PostFileViewController~iPhone.xib"; sourceTree = "<group>"; };
		C512E1461259946B003D94BB /* PostMultiFileViewController.h */ = {isa = PBXFileReference; fileEncoding = 4; lastKnownFileType = sourcecode.c.h; path = PostMultiFileViewController.h; sourceTree = "<group>"; };
		C512E1471259946B003D94BB /* PostMultiFileViewController.m */ = {isa = PBXFileReference; fileEncoding = 4; lastKnownFileType = sourcecode.c.objc; path = PostMultiFileViewController.m; sourceTree = "<group>"; };
		C512E14912599490003D94BB /* PostMultiFileViewController~iPad.xib */ = {isa = PBXFileReference; lastKnownFileType = file.xib; path = "PostMultiFileViewController~iPad.xib"; sourceTree = "<group>"; };
		C512E14A12599490003D94BB /* PostMultiFileViewController~iPhone.xib */ = {isa = PBXFileReference; lastKnownFileType = file.xib; path = "PostMultiFileViewController~iPhone.xib"; sourceTree = "<group>"; };
/* End PBXFileReference section */

/* Begin PBXFrameworksBuildPhase section */
		1D60588F0D05DD3D006BFB54 /* Frameworks */ = {
			isa = PBXFrameworksBuildPhase;
			buildActionMask = 2147483647;
			files = (
				1D60589F0D05DD5A006BFB54 /* Foundation.framework in Frameworks */,
				1DF5F4E00D08C38300B7A737 /* UIKit.framework in Frameworks */,
				2892E4100DC94CBA00A64D0F /* CoreGraphics.framework in Frameworks */,
				C512DF1F12580E92003D94BB /* SystemConfiguration.framework in Frameworks */,
				C512DF2312580E9A003D94BB /* CFNetwork.framework in Frameworks */,
			);
			runOnlyForDeploymentPostprocessing = 0;
		};
/* End PBXFrameworksBuildPhase section */

/* Begin PBXGroup section */
		080E96DDFE201D6D7F000001 /* Classes */ = {
			isa = PBXGroup;
			children = (
				1D3623240D0F684500981E51 /* ADModelAppDelegate.h */,
				1D3623250D0F684500981E51 /* ADModelAppDelegate.m */,
				C512DD3D1257B1CA003D94BB /* Model */,
				5357B08A123B0AD400B80617 /* Queue */,
				5357B058123B0AD400B80617 /* Parsers */,
				C512E05712595B91003D94BB /* User Interface */,
			);
			path = Classes;
			sourceTree = "<group>";
		};
		19C28FACFE9D520D11CA2CBB /* Products */ = {
			isa = PBXGroup;
			children = (
				1D6058910D05DD3D006BFB54 /* ADModel.app */,
			);
			name = Products;
			sourceTree = "<group>";
		};
		29B97314FDCFA39411CA2CEA /* CustomTemplate */ = {
			isa = PBXGroup;
			children = (
				080E96DDFE201D6D7F000001 /* Classes */,
				29B97315FDCFA39411CA2CEA /* Other Sources */,
				29B97317FDCFA39411CA2CEA /* Resources */,
				29B97323FDCFA39411CA2CEA /* Frameworks */,
				19C28FACFE9D520D11CA2CBB /* Products */,
			);
			name = CustomTemplate;
			sourceTree = "<group>";
		};
		29B97315FDCFA39411CA2CEA /* Other Sources */ = {
			isa = PBXGroup;
			children = (
				C512E05A12596606003D94BB /* GUIFunctions.h */,
				C512E05B12596606003D94BB /* GUIFunctions.m */,
				53F906D612497C04007B028C /* UtilityFunctions.h */,
				53F906D712497C04007B028C /* UtilityFunctions.m */,
				28A0AAE50D9B0CCF005BE974 /* ADModel_Prefix.pch */,
				29B97316FDCFA39411CA2CEA /* main.m */,
			);
			name = "Other Sources";
			sourceTree = "<group>";
		};
		29B97317FDCFA39411CA2CEA /* Resources */ = {
			isa = PBXGroup;
			children = (
				8D1107310486CEB800E47090 /* ADModel-Info.plist */,
				5357B18E123B24B800B80617 /* File.txt */,
				C512DCE71257A417003D94BB /* Images */,
			);
			name = Resources;
			sourceTree = "<group>";
		};
		29B97323FDCFA39411CA2CEA /* Frameworks */ = {
			isa = PBXGroup;
			children = (
				1DF5F4DF0D08C38300B7A737 /* UIKit.framework */,
				1D30AB110D05D00D00671497 /* Foundation.framework */,
				2892E40F0DC94CBA00A64D0F /* CoreGraphics.framework */,
				C512DF1E12580E92003D94BB /* SystemConfiguration.framework */,
				C512DF2212580E9A003D94BB /* CFNetwork.framework */,
			);
			name = Frameworks;
			sourceTree = "<group>";
		};
		5357B058123B0AD400B80617 /* Parsers */ = {
			isa = PBXGroup;
			children = (
				5357B059123B0AD400B80617 /* HandleXMLFeed.h */,
				5357B05A123B0AD400B80617 /* HandleXMLFeed.m */,
				5357B05B123B0AD400B80617 /* TouchJSON */,
				5357B070123B0AD400B80617 /* TouchXML */,
			);
			path = Parsers;
			sourceTree = "<group>";
		};
		5357B05B123B0AD400B80617 /* TouchJSON */ = {
			isa = PBXGroup;
			children = (
				5357B05C123B0AD400B80617 /* CDataScanner.h */,
				5357B05D123B0AD400B80617 /* CDataScanner.m */,
				5357B05E123B0AD400B80617 /* Extensions */,
				5357B065123B0AD400B80617 /* JSON */,
			);
			path = TouchJSON;
			sourceTree = "<group>";
		};
		5357B05E123B0AD400B80617 /* Extensions */ = {
			isa = PBXGroup;
			children = (
				5357B05F123B0AD400B80617 /* CDataScanner_Extensions.h */,
				5357B060123B0AD400B80617 /* CDataScanner_Extensions.m */,
				5357B061123B0AD400B80617 /* NSCharacterSet_Extensions.h */,
				5357B062123B0AD400B80617 /* NSCharacterSet_Extensions.m */,
				5357B063123B0AD400B80617 /* NSDictionary_JSONExtensions.h */,
				5357B064123B0AD400B80617 /* NSDictionary_JSONExtensions.m */,
			);
			path = Extensions;
			sourceTree = "<group>";
		};
		5357B065123B0AD400B80617 /* JSON */ = {
			isa = PBXGroup;
			children = (
				5357B066123B0AD400B80617 /* CJSONDataSerializer.h */,
				5357B067123B0AD400B80617 /* CJSONDataSerializer.m */,
				5357B068123B0AD400B80617 /* CJSONDeserializer.h */,
				5357B069123B0AD400B80617 /* CJSONDeserializer.m */,
				5357B06A123B0AD400B80617 /* CJSONScanner.h */,
				5357B06B123B0AD400B80617 /* CJSONScanner.m */,
				5357B06C123B0AD400B80617 /* CJSONSerializer.h */,
				5357B06D123B0AD400B80617 /* CJSONSerializer.m */,
				5357B06E123B0AD400B80617 /* CSerializedJSONData.h */,
				5357B06F123B0AD400B80617 /* CSerializedJSONData.m */,
			);
			path = JSON;
			sourceTree = "<group>";
		};
		5357B070123B0AD400B80617 /* TouchXML */ = {
			isa = PBXGroup;
			children = (
				5357B071123B0AD400B80617 /* Creation */,
				5357B086123B0AD400B80617 /* Tidy */,
				5357B089123B0AD400B80617 /* TouchXML.h */,
				5357B076123B0AD400B80617 /* CXMLDocument.h */,
				5357B077123B0AD400B80617 /* CXMLDocument.m */,
				5357B078123B0AD400B80617 /* CXMLDocument_PrivateExtensions.h */,
				5357B079123B0AD400B80617 /* CXMLDocument_PrivateExtensions.m */,
				5357B07A123B0AD400B80617 /* CXMLElement.h */,
				5357B07B123B0AD400B80617 /* CXMLElement.m */,
				5357B07C123B0AD400B80617 /* CXMLElement_CreationExtensions.h */,
				5357B07D123B0AD400B80617 /* CXMLElement_CreationExtensions.m */,
				5357B07E123B0AD400B80617 /* CXMLElement_ElementTreeExtensions.h */,
				5357B07F123B0AD400B80617 /* CXMLElement_ElementTreeExtensions.m */,
				5357B080123B0AD400B80617 /* CXMLNode.h */,
				5357B081123B0AD400B80617 /* CXMLNode.m */,
				5357B082123B0AD400B80617 /* CXMLNode_PrivateExtensions.h */,
				5357B083123B0AD400B80617 /* CXMLNode_PrivateExtensions.m */,
				5357B084123B0AD400B80617 /* CXMLNode_XPathExtensions.h */,
				5357B085123B0AD400B80617 /* CXMLNode_XPathExtensions.m */,
			);
			path = TouchXML;
			sourceTree = "<group>";
		};
		5357B071123B0AD400B80617 /* Creation */ = {
			isa = PBXGroup;
			children = (
				5357B072123B0AD400B80617 /* CXMLDocument_CreationExtensions.h */,
				5357B073123B0AD400B80617 /* CXMLDocument_CreationExtensions.m */,
				5357B074123B0AD400B80617 /* CXMLNode_CreationExtensions.h */,
				5357B075123B0AD400B80617 /* CXMLNode_CreationExtensions.m */,
			);
			path = Creation;
			sourceTree = "<group>";
		};
		5357B086123B0AD400B80617 /* Tidy */ = {
			isa = PBXGroup;
			children = (
				5357B087123B0AD400B80617 /* CTidy.h */,
				5357B088123B0AD400B80617 /* CTidy.m */,
			);
			path = Tidy;
			sourceTree = "<group>";
		};
		5357B08A123B0AD400B80617 /* Queue */ = {
			isa = PBXGroup;
			children = (
				5357B08E123B0AD400B80617 /* NetworkOperationQueue.h */,
				5357B08F123B0AD400B80617 /* NetworkOperationQueue.m */,
				5357B08D123B0AD400B80617 /* NetworkOperationDelegate.h */,
				5357B08B123B0AD400B80617 /* NetworkOperation.h */,
				5357B08C123B0AD400B80617 /* NetworkOperation.m */,
				5357B092123B0AD400B80617 /* NetworkRequestDelegate.h */,
				5357B090123B0AD400B80617 /* NetworkRequest.h */,
				5357B091123B0AD400B80617 /* NetworkRequest.m */,
			);
			path = Queue;
			sourceTree = "<group>";
		};
		C512DCE71257A417003D94BB /* Images */ = {
			isa = PBXGroup;
			children = (
				5357B226123B30C200B80617 /* Image.jpg */,
				C512DCE81257A417003D94BB /* AppIcon.png */,
				C512DCEA1257A417003D94BB /* AppIcon_iPad.png */,
				C512DCE91257A417003D94BB /* AppIcon@2x.png */,
				C512DCEB1257A417003D94BB /* iTunesArtwork */,
				C512DCEC1257A417003D94BB /* Launch.png */,
				C512DCED1257A417003D94BB /* Launch@2x.png */,
				C512DCEE1257A417003D94BB /* Launch_iPad-Landscape.png */,
				C512DCEF1257A417003D94BB /* Launch_iPad-Portrait.png */,
			);
			path = Images;
			sourceTree = "<group>";
		};
		C512DD3D1257B1CA003D94BB /* Model */ = {
			isa = PBXGroup;
			children = (
				C512DD3A1257B1B7003D94BB /* DataModel.h */,
				C512DD3B1257B1B7003D94BB /* DataModel.m */,
				C512DD6E1257BA37003D94BB /* SynthesizeSingleton.h */,
				C512DEFB12580B93003D94BB /* Reachability.h */,
				C512DEFC12580B93003D94BB /* Reachability.m */,
			);
			name = Model;
			sourceTree = "<group>";
		};
		C512DD771257BC98003D94BB /* Root */ = {
			isa = PBXGroup;
			children = (
				28C286DF0D94DF7D0034E888 /* RootViewController.h */,
				28C286E00D94DF7D0034E888 /* RootViewController.m */,
				28F335F01007B36200424DE2 /* RootView~iPhone.xib */,
				C512DCFB1257A54E003D94BB /* RootView~iPad.xib */,
			);
			name = Root;
			sourceTree = "<group>";
		};
		C512DD781257BCBC003D94BB /* Podcast */ = {
			isa = PBXGroup;
			children = (
				C512DD351257B17B003D94BB /* PodcastTableViewController.h */,
				C512DD361257B17B003D94BB /* PodcastTableViewController.m */,
			);
			name = Podcast;
			sourceTree = "<group>";
		};
		C512DD791257BCD6003D94BB /* AbstractSuperClasses */ = {
			isa = PBXGroup;
			children = (
				C512DD7A1257BCEA003D94BB /* ModelViewController.h */,
				C512DD7B1257BCEA003D94BB /* ModelViewController.m */,
				C512DD7D1257BDE8003D94BB /* ModelTableViewController.h */,
				C512DD7E1257BDE8003D94BB /* ModelTableViewController.m */,
			);
			name = AbstractSuperClasses;
			sourceTree = "<group>";
		};
		C512DDD81257C975003D94BB /* Twitter */ = {
			isa = PBXGroup;
			children = (
				C512DE591257DCA9003D94BB /* Search */,
				C512DE5A1257DCAF003D94BB /* User */,
			);
			name = Twitter;
			sourceTree = "<group>";
		};
		C512DE591257DCA9003D94BB /* Search */ = {
			isa = PBXGroup;
			children = (
				C512DDD91257C9CD003D94BB /* TwitterSearchTableViewController.h */,
				C512DDDA1257C9CD003D94BB /* TwitterSearchTableViewController.m */,
			);
			name = Search;
			sourceTree = "<group>";
		};
		C512DE5A1257DCAF003D94BB /* User */ = {
			isa = PBXGroup;
			children = (
				C512DE5B1257DCCC003D94BB /* TwitterUserTableViewController.h */,
				C512DE5C1257DCCC003D94BB /* TwitterUserTableViewController.m */,
			);
			name = User;
			sourceTree = "<group>";
		};
		C512DE811257E583003D94BB /* Post */ = {
			isa = PBXGroup;
			children = (
				C512DE821257E591003D94BB /* Form */,
				C512E12B12598E2C003D94BB /* File */,
				C512E14512599453003D94BB /* Multi */,
			);
			name = Post;
			sourceTree = "<group>";
		};
		C512DE821257E591003D94BB /* Form */ = {
			isa = PBXGroup;
			children = (
				C512DE841257E5D7003D94BB /* PostFormViewController.h */,
				C512DE851257E5D7003D94BB /* PostFormViewController.m */,
				C512DE861257E5D7003D94BB /* PostFormViewController~iPhone.xib */,
				C512DFAD12594C71003D94BB /* PostFormViewController~iPad.xib */,
			);
			name = Form;
			sourceTree = "<group>";
		};
		C512DF9D12594A7D003D94BB /* Put */ = {
			isa = PBXGroup;
			children = (
				C512DF9E12594A8A003D94BB /* Create */,
				C512E01B1259548C003D94BB /* No-Content */,
			);
			name = Put;
			sourceTree = "<group>";
		};
		C512DF9E12594A8A003D94BB /* Create */ = {
			isa = PBXGroup;
			children = (
				C512DF9F12594AAB003D94BB /* PutCreateViewController.h */,
				C512DFA012594AAB003D94BB /* PutCreateViewController.m */,
				C512DFDE125950B2003D94BB /* PutCreateViewController~iPad.xib */,
				C512DFDF125950B2003D94BB /* PutCreateViewController~iPhone.xib */,
			);
			name = Create;
			sourceTree = "<group>";
		};
		C512E01B1259548C003D94BB /* No-Content */ = {
			isa = PBXGroup;
			children = (
				C512E01C125954A3003D94BB /* PutNoContentViewController.h */,
				C512E01D125954A3003D94BB /* PutNoContentViewController.m */,
				C512E02112595596003D94BB /* PutNoContentViewController~iPad.xib */,
				C512E02212595596003D94BB /* PutNoContentViewController~iPhone.xib */,
			);
			name = "No-Content";
			sourceTree = "<group>";
		};
		C512E05712595B91003D94BB /* User Interface */ = {
			isa = PBXGroup;
			children = (
				28AD735F0D9D9599002E5188 /* MainWindow~iPhone.xib */,
				C512DCF91257A53C003D94BB /* MainWindow~iPad.xib */,
				C512DD791257BCD6003D94BB /* AbstractSuperClasses */,
				C512DD771257BC98003D94BB /* Root */,
				C512DD781257BCBC003D94BB /* Podcast */,
				C512DDD81257C975003D94BB /* Twitter */,
				C512DE811257E583003D94BB /* Post */,
				C512DF9D12594A7D003D94BB /* Put */,
			);
			name = "User Interface";
			sourceTree = "<group>";
		};
		C512E12B12598E2C003D94BB /* File */ = {
			isa = PBXGroup;
			children = (
				C512E12C12598E42003D94BB /* PostFileViewController.h */,
				C512E12D12598E42003D94BB /* PostFileViewController.m */,
				C512E1311259907B003D94BB /* PostFileViewController~iPad.xib */,
				C512E1321259907B003D94BB /* PostFileViewController~iPhone.xib */,
			);
			name = File;
			sourceTree = "<group>";
		};
		C512E14512599453003D94BB /* Multi */ = {
			isa = PBXGroup;
			children = (
				C512E1461259946B003D94BB /* PostMultiFileViewController.h */,
				C512E1471259946B003D94BB /* PostMultiFileViewController.m */,
				C512E14912599490003D94BB /* PostMultiFileViewController~iPad.xib */,
				C512E14A12599490003D94BB /* PostMultiFileViewController~iPhone.xib */,
			);
			name = Multi;
			sourceTree = "<group>";
		};
/* End PBXGroup section */

/* Begin PBXNativeTarget section */
		1D6058900D05DD3D006BFB54 /* ADModel */ = {
			isa = PBXNativeTarget;
			buildConfigurationList = 1D6058960D05DD3E006BFB54 /* Build configuration list for PBXNativeTarget "ADModel" */;
			buildPhases = (
				1D60588D0D05DD3D006BFB54 /* Resources */,
				1D60588E0D05DD3D006BFB54 /* Sources */,
				1D60588F0D05DD3D006BFB54 /* Frameworks */,
			);
			buildRules = (
			);
			dependencies = (
			);
			name = ADModel;
			productName = ADModel;
			productReference = 1D6058910D05DD3D006BFB54 /* ADModel.app */;
			productType = "com.apple.product-type.application";
		};
/* End PBXNativeTarget section */

/* Begin PBXProject section */
		29B97313FDCFA39411CA2CEA /* Project object */ = {
			isa = PBXProject;
			buildConfigurationList = C01FCF4E08A954540054247B /* Build configuration list for PBXProject "ADModel" */;
			compatibilityVersion = "Xcode 3.1";
			developmentRegion = English;
			hasScannedForEncodings = 1;
			knownRegions = (
				English,
				Japanese,
				French,
				German,
				en,
			);
			mainGroup = 29B97314FDCFA39411CA2CEA /* CustomTemplate */;
			projectDirPath = "";
			projectRoot = "";
			targets = (
				1D6058900D05DD3D006BFB54 /* ADModel */,
			);
		};
/* End PBXProject section */

/* Begin PBXResourcesBuildPhase section */
		1D60588D0D05DD3D006BFB54 /* Resources */ = {
			isa = PBXResourcesBuildPhase;
			buildActionMask = 2147483647;
			files = (
				28AD73600D9D9599002E5188 /* MainWindow~iPhone.xib in Resources */,
				28F335F11007B36200424DE2 /* RootView~iPhone.xib in Resources */,
				5357B18F123B24B800B80617 /* File.txt in Resources */,
				5357B227123B30C200B80617 /* Image.jpg in Resources */,
				C512DCF01257A417003D94BB /* AppIcon.png in Resources */,
				C512DCF11257A417003D94BB /* AppIcon@2x.png in Resources */,
				C512DCF21257A417003D94BB /* AppIcon_iPad.png in Resources */,
				C512DCF31257A417003D94BB /* iTunesArtwork in Resources */,
				C512DCF41257A417003D94BB /* Launch.png in Resources */,
				C512DCF51257A417003D94BB /* Launch@2x.png in Resources */,
				C512DCF61257A417003D94BB /* Launch_iPad-Landscape.png in Resources */,
				C512DCF71257A417003D94BB /* Launch_iPad-Portrait.png in Resources */,
				C512DCFA1257A53C003D94BB /* MainWindow~iPad.xib in Resources */,
				C512DCFC1257A54E003D94BB /* RootView~iPad.xib in Resources */,
				C512DE881257E5D7003D94BB /* PostFormViewController~iPhone.xib in Resources */,
				C512DFAE12594C71003D94BB /* PostFormViewController~iPad.xib in Resources */,
				C512DFE0125950B2003D94BB /* PutCreateViewController~iPad.xib in Resources */,
				C512DFE1125950B2003D94BB /* PutCreateViewController~iPhone.xib in Resources */,
				C512E02312595596003D94BB /* PutNoContentViewController~iPad.xib in Resources */,
				C512E02412595596003D94BB /* PutNoContentViewController~iPhone.xib in Resources */,
				C512E1331259907B003D94BB /* PostFileViewController~iPad.xib in Resources */,
				C512E1341259907B003D94BB /* PostFileViewController~iPhone.xib in Resources */,
				C512E14B12599490003D94BB /* PostMultiFileViewController~iPad.xib in Resources */,
				C512E14C12599490003D94BB /* PostMultiFileViewController~iPhone.xib in Resources */,
			);
			runOnlyForDeploymentPostprocessing = 0;
		};
/* End PBXResourcesBuildPhase section */

/* Begin PBXSourcesBuildPhase section */
		1D60588E0D05DD3D006BFB54 /* Sources */ = {
			isa = PBXSourcesBuildPhase;
			buildActionMask = 2147483647;
			files = (
				1D60589B0D05DD56006BFB54 /* main.m in Sources */,
				1D3623260D0F684500981E51 /* ADModelAppDelegate.m in Sources */,
				28C286E10D94DF7D0034E888 /* RootViewController.m in Sources */,
				5357B093123B0AD400B80617 /* HandleXMLFeed.m in Sources */,
				5357B094123B0AD400B80617 /* CDataScanner.m in Sources */,
				5357B095123B0AD400B80617 /* CDataScanner_Extensions.m in Sources */,
				5357B096123B0AD400B80617 /* NSCharacterSet_Extensions.m in Sources */,
				5357B097123B0AD400B80617 /* NSDictionary_JSONExtensions.m in Sources */,
				5357B098123B0AD400B80617 /* CJSONDataSerializer.m in Sources */,
				5357B099123B0AD400B80617 /* CJSONDeserializer.m in Sources */,
				5357B09A123B0AD400B80617 /* CJSONScanner.m in Sources */,
				5357B09B123B0AD400B80617 /* CJSONSerializer.m in Sources */,
				5357B09C123B0AD400B80617 /* CSerializedJSONData.m in Sources */,
				5357B09D123B0AD400B80617 /* CXMLDocument_CreationExtensions.m in Sources */,
				5357B09E123B0AD400B80617 /* CXMLNode_CreationExtensions.m in Sources */,
				5357B09F123B0AD400B80617 /* CXMLDocument.m in Sources */,
				5357B0A0123B0AD400B80617 /* CXMLDocument_PrivateExtensions.m in Sources */,
				5357B0A1123B0AD400B80617 /* CXMLElement.m in Sources */,
				5357B0A2123B0AD400B80617 /* CXMLElement_CreationExtensions.m in Sources */,
				5357B0A3123B0AD400B80617 /* CXMLElement_ElementTreeExtensions.m in Sources */,
				5357B0A4123B0AD400B80617 /* CXMLNode.m in Sources */,
				5357B0A5123B0AD400B80617 /* CXMLNode_PrivateExtensions.m in Sources */,
				5357B0A6123B0AD400B80617 /* CXMLNode_XPathExtensions.m in Sources */,
				5357B0A7123B0AD400B80617 /* CTidy.m in Sources */,
				5357B0A8123B0AD400B80617 /* NetworkOperation.m in Sources */,
				5357B0A9123B0AD400B80617 /* NetworkOperationQueue.m in Sources */,
				5357B0AA123B0AD400B80617 /* NetworkRequest.m in Sources */,
				53F906D812497C04007B028C /* UtilityFunctions.m in Sources */,
				C512DD381257B17B003D94BB /* PodcastTableViewController.m in Sources */,
				C512DD3C1257B1B7003D94BB /* DataModel.m in Sources */,
				C512DD7C1257BCEA003D94BB /* ModelViewController.m in Sources */,
				C512DD7F1257BDE8003D94BB /* ModelTableViewController.m in Sources */,
				C512DDDB1257C9CD003D94BB /* TwitterSearchTableViewController.m in Sources */,
				C512DE5D1257DCCC003D94BB /* TwitterUserTableViewController.m in Sources */,
				C512DE871257E5D7003D94BB /* PostFormViewController.m in Sources */,
				C512DEFD12580B93003D94BB /* Reachability.m in Sources */,
				C512DFA212594AAB003D94BB /* PutCreateViewController.m in Sources */,
				C512E01F125954A3003D94BB /* PutNoContentViewController.m in Sources */,
				C512E05C12596606003D94BB /* GUIFunctions.m in Sources */,
				C512E12E12598E42003D94BB /* PostFileViewController.m in Sources */,
				C512E1481259946B003D94BB /* PostMultiFileViewController.m in Sources */,
			);
			runOnlyForDeploymentPostprocessing = 0;
		};
/* End PBXSourcesBuildPhase section */

/* Begin XCBuildConfiguration section */
		1D6058940D05DD3E006BFB54 /* Debug */ = {
			isa = XCBuildConfiguration;
			buildSettings = {
				ALWAYS_SEARCH_USER_PATHS = NO;
				COPY_PHASE_STRIP = NO;
				GCC_DYNAMIC_NO_PIC = NO;
				GCC_OPTIMIZATION_LEVEL = 0;
				GCC_PRECOMPILE_PREFIX_HEADER = YES;
				GCC_PREFIX_HEADER = ADModel_Prefix.pch;
				INFOPLIST_FILE = "ADModel-Info.plist";
				PRODUCT_NAME = ADModel;
			};
			name = Debug;
		};
		1D6058950D05DD3E006BFB54 /* Release */ = {
			isa = XCBuildConfiguration;
			buildSettings = {
				ALWAYS_SEARCH_USER_PATHS = NO;
				COPY_PHASE_STRIP = YES;
				GCC_PRECOMPILE_PREFIX_HEADER = YES;
				GCC_PREFIX_HEADER = ADModel_Prefix.pch;
				INFOPLIST_FILE = "ADModel-Info.plist";
				PRODUCT_NAME = ADModel;
				VALIDATE_PRODUCT = YES;
			};
			name = Release;
		};
		C01FCF4F08A954540054247B /* Debug */ = {
			isa = XCBuildConfiguration;
			buildSettings = {
				ARCHS = "$(ARCHS_STANDARD_32_BIT)";
				"CODE_SIGN_IDENTITY[sdk=iphoneos*]" = "iPhone Developer";
				GCC_C_LANGUAGE_STANDARD = c99;
				GCC_VERSION = com.apple.compilers.llvm.clang.1_0;
				GCC_WARN_ABOUT_RETURN_TYPE = YES;
				GCC_WARN_UNUSED_VARIABLE = YES;
				HEADER_SEARCH_PATHS = /usr/include/libxml2;
				IPHONEOS_DEPLOYMENT_TARGET = 4.0;
				OTHER_LDFLAGS = "-lxml2";
				PREBINDING = NO;
				RUN_CLANG_STATIC_ANALYZER = YES;
				SDKROOT = iphoneos;
				TARGETED_DEVICE_FAMILY = "1,2";
			};
			name = Debug;
		};
		C01FCF5008A954540054247B /* Release */ = {
			isa = XCBuildConfiguration;
			buildSettings = {
				ARCHS = "$(ARCHS_STANDARD_32_BIT)";
				"CODE_SIGN_IDENTITY[sdk=iphoneos*]" = "iPhone Developer";
				GCC_C_LANGUAGE_STANDARD = c99;
				GCC_VERSION = com.apple.compilers.llvm.clang.1_0;
				GCC_WARN_ABOUT_RETURN_TYPE = YES;
				GCC_WARN_UNUSED_VARIABLE = YES;
				HEADER_SEARCH_PATHS = /usr/include/libxml2;
				IPHONEOS_DEPLOYMENT_TARGET = 4.0;
				OTHER_CFLAGS = "-DNS_BLOCK_ASSERTIONS=1";
				OTHER_LDFLAGS = "-lxml2";
				PREBINDING = NO;
				RUN_CLANG_STATIC_ANALYZER = YES;
				SDKROOT = iphoneos;
				TARGETED_DEVICE_FAMILY = "1,2";
			};
			name = Release;
		};
/* End XCBuildConfiguration section */

/* Begin XCConfigurationList section */
		1D6058960D05DD3E006BFB54 /* Build configuration list for PBXNativeTarget "ADModel" */ = {
			isa = XCConfigurationList;
			buildConfigurations = (
				1D6058940D05DD3E006BFB54 /* Debug */,
				1D6058950D05DD3E006BFB54 /* Release */,
			);
			defaultConfigurationIsVisible = 0;
			defaultConfigurationName = Release;
		};
		C01FCF4E08A954540054247B /* Build configuration list for PBXProject "ADModel" */ = {
			isa = XCConfigurationList;
			buildConfigurations = (
				C01FCF4F08A954540054247B /* Debug */,
				C01FCF5008A954540054247B /* Release */,
			);
			defaultConfigurationIsVisible = 0;
			defaultConfigurationName = Release;
		};
/* End XCConfigurationList section */
	};
	rootObject = 29B97313FDCFA39411CA2CEA /* Project object */;
}
